// !$*UTF8*$!
{
	archiveVersion = 1;
	classes = {
	};
	objectVersion = 55;
	objects = {

/* Begin PBXBuildFile section */
		4B686B49277DE4BF005D39FF /* TermsAndConditionsViewController.swift in Sources */ = {isa = PBXBuildFile; fileRef = 4B686B47277DE4BF005D39FF /* TermsAndConditionsViewController.swift */; };
		4B686B4A277DE4BF005D39FF /* TermsAndConditionsViewController.xib in Resources */ = {isa = PBXBuildFile; fileRef = 4B686B48277DE4BF005D39FF /* TermsAndConditionsViewController.xib */; };
		5600444427833CAD008A81EA /* Alamofire in Frameworks */ = {isa = PBXBuildFile; productRef = 5600444327833CAD008A81EA /* Alamofire */; };
		5600444927833D39008A81EA /* Not-bored-api.swift in Sources */ = {isa = PBXBuildFile; fileRef = 5600444827833D39008A81EA /* Not-bored-api.swift */; };
		5600444B27833D86008A81EA /* Activities.swift in Sources */ = {isa = PBXBuildFile; fileRef = 5600444A27833D86008A81EA /* Activities.swift */; };
		566D5D0B277CE63D00F2F042 /* AppDelegate.swift in Sources */ = {isa = PBXBuildFile; fileRef = 566D5D0A277CE63D00F2F042 /* AppDelegate.swift */; };
		566D5D0D277CE63D00F2F042 /* SceneDelegate.swift in Sources */ = {isa = PBXBuildFile; fileRef = 566D5D0C277CE63D00F2F042 /* SceneDelegate.swift */; };
		566D5D0F277CE63D00F2F042 /* ViewController.swift in Sources */ = {isa = PBXBuildFile; fileRef = 566D5D0E277CE63D00F2F042 /* ViewController.swift */; };
		566D5D14277CE64000F2F042 /* Assets.xcassets in Resources */ = {isa = PBXBuildFile; fileRef = 566D5D13277CE64000F2F042 /* Assets.xcassets */; };
		566D5D17277CE64000F2F042 /* LaunchScreen.storyboard in Resources */ = {isa = PBXBuildFile; fileRef = 566D5D15277CE64000F2F042 /* LaunchScreen.storyboard */; };
		566D5D20277CE6EA00F2F042 /* HomeScreenViewController.swift in Sources */ = {isa = PBXBuildFile; fileRef = 566D5D1E277CE6EA00F2F042 /* HomeScreenViewController.swift */; };
		566D5D21277CE6EA00F2F042 /* HomeScreenViewController.xib in Resources */ = {isa = PBXBuildFile; fileRef = 566D5D1F277CE6EA00F2F042 /* HomeScreenViewController.xib */; };
		93B8A33727838B9700736734 /* IQKeyboardManagerSwift in Frameworks */ = {isa = PBXBuildFile; productRef = 93B8A33627838B9700736734 /* IQKeyboardManagerSwift */; };
		93CDF30B278326EB00C540C3 /* CategoriesViewController.swift in Sources */ = {isa = PBXBuildFile; fileRef = 93CDF309278326EB00C540C3 /* CategoriesViewController.swift */; };
		93CDF30C278326EB00C540C3 /* CategoriesViewController.xib in Resources */ = {isa = PBXBuildFile; fileRef = 93CDF30A278326EB00C540C3 /* CategoriesViewController.xib */; };
		93CDF30F27832CD800C540C3 /* SuggestionViewController.swift in Sources */ = {isa = PBXBuildFile; fileRef = 93CDF30D27832CD800C540C3 /* SuggestionViewController.swift */; };
		93CDF31027832CD800C540C3 /* SuggestionViewController.xib in Resources */ = {isa = PBXBuildFile; fileRef = 93CDF30E27832CD800C540C3 /* SuggestionViewController.xib */; };
/* End PBXBuildFile section */

/* Begin PBXFileReference section */
		4B686B47277DE4BF005D39FF /* TermsAndConditionsViewController.swift */ = {isa = PBXFileReference; lastKnownFileType = sourcecode.swift; path = TermsAndConditionsViewController.swift; sourceTree = "<group>"; };
		4B686B48277DE4BF005D39FF /* TermsAndConditionsViewController.xib */ = {isa = PBXFileReference; lastKnownFileType = file.xib; path = TermsAndConditionsViewController.xib; sourceTree = "<group>"; };
		5600444827833D39008A81EA /* Not-bored-api.swift */ = {isa = PBXFileReference; lastKnownFileType = sourcecode.swift; path = "Not-bored-api.swift"; sourceTree = "<group>"; };
		5600444A27833D86008A81EA /* Activities.swift */ = {isa = PBXFileReference; lastKnownFileType = sourcecode.swift; name = Activities.swift; path = "not-bored/Networking/Activities.swift"; sourceTree = SOURCE_ROOT; };
		566D5D07277CE63D00F2F042 /* not-bored.app */ = {isa = PBXFileReference; explicitFileType = wrapper.application; includeInIndex = 0; path = "not-bored.app"; sourceTree = BUILT_PRODUCTS_DIR; };
		566D5D0A277CE63D00F2F042 /* AppDelegate.swift */ = {isa = PBXFileReference; lastKnownFileType = sourcecode.swift; path = AppDelegate.swift; sourceTree = "<group>"; };
		566D5D0C277CE63D00F2F042 /* SceneDelegate.swift */ = {isa = PBXFileReference; lastKnownFileType = sourcecode.swift; path = SceneDelegate.swift; sourceTree = "<group>"; };
		566D5D0E277CE63D00F2F042 /* ViewController.swift */ = {isa = PBXFileReference; lastKnownFileType = sourcecode.swift; path = ViewController.swift; sourceTree = "<group>"; };
		566D5D13277CE64000F2F042 /* Assets.xcassets */ = {isa = PBXFileReference; lastKnownFileType = folder.assetcatalog; path = Assets.xcassets; sourceTree = "<group>"; };
		566D5D16277CE64000F2F042 /* Base */ = {isa = PBXFileReference; lastKnownFileType = file.storyboard; name = Base; path = Base.lproj/LaunchScreen.storyboard; sourceTree = "<group>"; };
		566D5D18277CE64000F2F042 /* Info.plist */ = {isa = PBXFileReference; lastKnownFileType = text.plist.xml; path = Info.plist; sourceTree = "<group>"; };
		566D5D1E277CE6EA00F2F042 /* HomeScreenViewController.swift */ = {isa = PBXFileReference; lastKnownFileType = sourcecode.swift; path = HomeScreenViewController.swift; sourceTree = "<group>"; };
		566D5D1F277CE6EA00F2F042 /* HomeScreenViewController.xib */ = {isa = PBXFileReference; lastKnownFileType = file.xib; path = HomeScreenViewController.xib; sourceTree = "<group>"; };
		93CDF309278326EB00C540C3 /* CategoriesViewController.swift */ = {isa = PBXFileReference; lastKnownFileType = sourcecode.swift; path = CategoriesViewController.swift; sourceTree = "<group>"; };
		93CDF30A278326EB00C540C3 /* CategoriesViewController.xib */ = {isa = PBXFileReference; lastKnownFileType = file.xib; path = CategoriesViewController.xib; sourceTree = "<group>"; };
		93CDF30D27832CD800C540C3 /* SuggestionViewController.swift */ = {isa = PBXFileReference; lastKnownFileType = sourcecode.swift; path = SuggestionViewController.swift; sourceTree = "<group>"; };
		93CDF30E27832CD800C540C3 /* SuggestionViewController.xib */ = {isa = PBXFileReference; lastKnownFileType = file.xib; path = SuggestionViewController.xib; sourceTree = "<group>"; };
/* End PBXFileReference section */

/* Begin PBXFrameworksBuildPhase section */
		566D5D04277CE63D00F2F042 /* Frameworks */ = {
			isa = PBXFrameworksBuildPhase;
			buildActionMask = 2147483647;
			files = (
				5600444427833CAD008A81EA /* Alamofire in Frameworks */,
				93B8A33727838B9700736734 /* IQKeyboardManagerSwift in Frameworks */,
			);
			runOnlyForDeploymentPostprocessing = 0;
		};
/* End PBXFrameworksBuildPhase section */

/* Begin PBXGroup section */
		4B686B44277DE42E005D39FF /* Views */ = {
			isa = PBXGroup;
			children = (
				93CDF30E27832CD800C540C3 /* SuggestionViewController.xib */,
				93CDF30A278326EB00C540C3 /* CategoriesViewController.xib */,
				566D5D1F277CE6EA00F2F042 /* HomeScreenViewController.xib */,
				4B686B48277DE4BF005D39FF /* TermsAndConditionsViewController.xib */,
			);
			path = Views;
			sourceTree = "<group>";
		};
		4B686B45277DE43A005D39FF /* Models */ = {
			isa = PBXGroup;
			children = (
				5600444A27833D86008A81EA /* Activities.swift */,
			);
			path = Models;
			sourceTree = "<group>";
		};
		4B686B46277DE450005D39FF /* Controllers */ = {
			isa = PBXGroup;
			children = (
				566D5D1E277CE6EA00F2F042 /* HomeScreenViewController.swift */,
				4B686B47277DE4BF005D39FF /* TermsAndConditionsViewController.swift */,
				93CDF309278326EB00C540C3 /* CategoriesViewController.swift */,
				93CDF30D27832CD800C540C3 /* SuggestionViewController.swift */,
			);
			path = Controllers;
			sourceTree = "<group>";
		};
		5600444527833CE7008A81EA /* Networking */ = {
			isa = PBXGroup;
			children = (
				5600444827833D39008A81EA /* Not-bored-api.swift */,
			);
			path = Networking;
			sourceTree = "<group>";
		};
		566D5CFE277CE63D00F2F042 = {
			isa = PBXGroup;
			children = (
				566D5D09277CE63D00F2F042 /* not-bored */,
				566D5D08277CE63D00F2F042 /* Products */,
			);
			sourceTree = "<group>";
		};
		566D5D08277CE63D00F2F042 /* Products */ = {
			isa = PBXGroup;
			children = (
				566D5D07277CE63D00F2F042 /* not-bored.app */,
			);
			name = Products;
			sourceTree = "<group>";
		};
		566D5D09277CE63D00F2F042 /* not-bored */ = {
			isa = PBXGroup;
			children = (
				5600444527833CE7008A81EA /* Networking */,
				4B686B46277DE450005D39FF /* Controllers */,
				4B686B45277DE43A005D39FF /* Models */,
				4B686B44277DE42E005D39FF /* Views */,
				566D5D0A277CE63D00F2F042 /* AppDelegate.swift */,
				566D5D0C277CE63D00F2F042 /* SceneDelegate.swift */,
				566D5D0E277CE63D00F2F042 /* ViewController.swift */,
				566D5D13277CE64000F2F042 /* Assets.xcassets */,
				566D5D15277CE64000F2F042 /* LaunchScreen.storyboard */,
				566D5D18277CE64000F2F042 /* Info.plist */,
			);
			path = "not-bored";
			sourceTree = "<group>";
		};
/* End PBXGroup section */

/* Begin PBXNativeTarget section */
		566D5D06277CE63D00F2F042 /* not-bored */ = {
			isa = PBXNativeTarget;
			buildConfigurationList = 566D5D1B277CE64000F2F042 /* Build configuration list for PBXNativeTarget "not-bored" */;
			buildPhases = (
				566D5D03277CE63D00F2F042 /* Sources */,
				566D5D04277CE63D00F2F042 /* Frameworks */,
				566D5D05277CE63D00F2F042 /* Resources */,
			);
			buildRules = (
			);
			dependencies = (
			);
			name = "not-bored";
			packageProductDependencies = (
				5600444327833CAD008A81EA /* Alamofire */,
				93B8A33627838B9700736734 /* IQKeyboardManagerSwift */,
			);
			productName = "not-bored";
			productReference = 566D5D07277CE63D00F2F042 /* not-bored.app */;
			productType = "com.apple.product-type.application";
		};
/* End PBXNativeTarget section */

/* Begin PBXProject section */
		566D5CFF277CE63D00F2F042 /* Project object */ = {
			isa = PBXProject;
			attributes = {
				BuildIndependentTargetsInParallel = 1;
				LastSwiftUpdateCheck = 1310;
				LastUpgradeCheck = 1310;
				TargetAttributes = {
					566D5D06277CE63D00F2F042 = {
						CreatedOnToolsVersion = 13.1;
					};
				};
			};
			buildConfigurationList = 566D5D02277CE63D00F2F042 /* Build configuration list for PBXProject "not-bored" */;
			compatibilityVersion = "Xcode 13.0";
			developmentRegion = en;
			hasScannedForEncodings = 0;
			knownRegions = (
				en,
				Base,
			);
			mainGroup = 566D5CFE277CE63D00F2F042;
			packageReferences = (
				5600444227833CAD008A81EA /* XCRemoteSwiftPackageReference "Alamofire" */,
				93B8A33527838B9700736734 /* XCRemoteSwiftPackageReference "IQKeyboardManager" */,
			);
			productRefGroup = 566D5D08277CE63D00F2F042 /* Products */;
			projectDirPath = "";
			projectRoot = "";
			targets = (
				566D5D06277CE63D00F2F042 /* not-bored */,
			);
		};
/* End PBXProject section */

/* Begin PBXResourcesBuildPhase section */
		566D5D05277CE63D00F2F042 /* Resources */ = {
			isa = PBXResourcesBuildPhase;
			buildActionMask = 2147483647;
			files = (
				4B686B4A277DE4BF005D39FF /* TermsAndConditionsViewController.xib in Resources */,
				566D5D17277CE64000F2F042 /* LaunchScreen.storyboard in Resources */,
				93CDF30C278326EB00C540C3 /* CategoriesViewController.xib in Resources */,
				566D5D21277CE6EA00F2F042 /* HomeScreenViewController.xib in Resources */,
				93CDF31027832CD800C540C3 /* SuggestionViewController.xib in Resources */,
				566D5D14277CE64000F2F042 /* Assets.xcassets in Resources */,
			);
			runOnlyForDeploymentPostprocessing = 0;
		};
/* End PBXResourcesBuildPhase section */

/* Begin PBXSourcesBuildPhase section */
		566D5D03277CE63D00F2F042 /* Sources */ = {
			isa = PBXSourcesBuildPhase;
			buildActionMask = 2147483647;
			files = (
				93CDF30F27832CD800C540C3 /* SuggestionViewController.swift in Sources */,
				566D5D0F277CE63D00F2F042 /* ViewController.swift in Sources */,
				566D5D20277CE6EA00F2F042 /* HomeScreenViewController.swift in Sources */,
				566D5D0B277CE63D00F2F042 /* AppDelegate.swift in Sources */,
				4B686B49277DE4BF005D39FF /* TermsAndConditionsViewController.swift in Sources */,
				5600444B27833D86008A81EA /* Activities.swift in Sources */,
				566D5D0D277CE63D00F2F042 /* SceneDelegate.swift in Sources */,
				93CDF30B278326EB00C540C3 /* CategoriesViewController.swift in Sources */,
				5600444927833D39008A81EA /* Not-bored-api.swift in Sources */,
			);
			runOnlyForDeploymentPostprocessing = 0;
		};
/* End PBXSourcesBuildPhase section */

/* Begin PBXVariantGroup section */
		566D5D15277CE64000F2F042 /* LaunchScreen.storyboard */ = {
			isa = PBXVariantGroup;
			children = (
				566D5D16277CE64000F2F042 /* Base */,
			);
			name = LaunchScreen.storyboard;
			sourceTree = "<group>";
		};
/* End PBXVariantGroup section */

/* Begin XCBuildConfiguration section */
		566D5D19277CE64000F2F042 /* Debug */ = {
			isa = XCBuildConfiguration;
			buildSettings = {
				ALWAYS_SEARCH_USER_PATHS = NO;
				CLANG_ANALYZER_NONNULL = YES;
				CLANG_ANALYZER_NUMBER_OBJECT_CONVERSION = YES_AGGRESSIVE;
				CLANG_CXX_LANGUAGE_STANDARD = "gnu++17";
				CLANG_CXX_LIBRARY = "libc++";
				CLANG_ENABLE_MODULES = YES;
				CLANG_ENABLE_OBJC_ARC = YES;
				CLANG_ENABLE_OBJC_WEAK = YES;
				CLANG_WARN_BLOCK_CAPTURE_AUTORELEASING = YES;
				CLANG_WARN_BOOL_CONVERSION = YES;
				CLANG_WARN_COMMA = YES;
				CLANG_WARN_CONSTANT_CONVERSION = YES;
				CLANG_WARN_DEPRECATED_OBJC_IMPLEMENTATIONS = YES;
				CLANG_WARN_DIRECT_OBJC_ISA_USAGE = YES_ERROR;
				CLANG_WARN_DOCUMENTATION_COMMENTS = YES;
				CLANG_WARN_EMPTY_BODY = YES;
				CLANG_WARN_ENUM_CONVERSION = YES;
				CLANG_WARN_INFINITE_RECURSION = YES;
				CLANG_WARN_INT_CONVERSION = YES;
				CLANG_WARN_NON_LITERAL_NULL_CONVERSION = YES;
				CLANG_WARN_OBJC_IMPLICIT_RETAIN_SELF = YES;
				CLANG_WARN_OBJC_LITERAL_CONVERSION = YES;
				CLANG_WARN_OBJC_ROOT_CLASS = YES_ERROR;
				CLANG_WARN_QUOTED_INCLUDE_IN_FRAMEWORK_HEADER = YES;
				CLANG_WARN_RANGE_LOOP_ANALYSIS = YES;
				CLANG_WARN_STRICT_PROTOTYPES = YES;
				CLANG_WARN_SUSPICIOUS_MOVE = YES;
				CLANG_WARN_UNGUARDED_AVAILABILITY = YES_AGGRESSIVE;
				CLANG_WARN_UNREACHABLE_CODE = YES;
				CLANG_WARN__DUPLICATE_METHOD_MATCH = YES;
				COPY_PHASE_STRIP = NO;
				DEBUG_INFORMATION_FORMAT = dwarf;
				ENABLE_STRICT_OBJC_MSGSEND = YES;
				ENABLE_TESTABILITY = YES;
				GCC_C_LANGUAGE_STANDARD = gnu11;
				GCC_DYNAMIC_NO_PIC = NO;
				GCC_NO_COMMON_BLOCKS = YES;
				GCC_OPTIMIZATION_LEVEL = 0;
				GCC_PREPROCESSOR_DEFINITIONS = (
					"DEBUG=1",
					"$(inherited)",
				);
				GCC_WARN_64_TO_32_BIT_CONVERSION = YES;
				GCC_WARN_ABOUT_RETURN_TYPE = YES_ERROR;
				GCC_WARN_UNDECLARED_SELECTOR = YES;
				GCC_WARN_UNINITIALIZED_AUTOS = YES_AGGRESSIVE;
				GCC_WARN_UNUSED_FUNCTION = YES;
				GCC_WARN_UNUSED_VARIABLE = YES;
				IPHONEOS_DEPLOYMENT_TARGET = 15.0;
				MTL_ENABLE_DEBUG_INFO = INCLUDE_SOURCE;
				MTL_FAST_MATH = YES;
				ONLY_ACTIVE_ARCH = YES;
				SDKROOT = iphoneos;
				SWIFT_ACTIVE_COMPILATION_CONDITIONS = DEBUG;
				SWIFT_OPTIMIZATION_LEVEL = "-Onone";
			};
			name = Debug;
		};
		566D5D1A277CE64000F2F042 /* Release */ = {
			isa = XCBuildConfiguration;
			buildSettings = {
				ALWAYS_SEARCH_USER_PATHS = NO;
				CLANG_ANALYZER_NONNULL = YES;
				CLANG_ANALYZER_NUMBER_OBJECT_CONVERSION = YES_AGGRESSIVE;
				CLANG_CXX_LANGUAGE_STANDARD = "gnu++17";
				CLANG_CXX_LIBRARY = "libc++";
				CLANG_ENABLE_MODULES = YES;
				CLANG_ENABLE_OBJC_ARC = YES;
				CLANG_ENABLE_OBJC_WEAK = YES;
				CLANG_WARN_BLOCK_CAPTURE_AUTORELEASING = YES;
				CLANG_WARN_BOOL_CONVERSION = YES;
				CLANG_WARN_COMMA = YES;
				CLANG_WARN_CONSTANT_CONVERSION = YES;
				CLANG_WARN_DEPRECATED_OBJC_IMPLEMENTATIONS = YES;
				CLANG_WARN_DIRECT_OBJC_ISA_USAGE = YES_ERROR;
				CLANG_WARN_DOCUMENTATION_COMMENTS = YES;
				CLANG_WARN_EMPTY_BODY = YES;
				CLANG_WARN_ENUM_CONVERSION = YES;
				CLANG_WARN_INFINITE_RECURSION = YES;
				CLANG_WARN_INT_CONVERSION = YES;
				CLANG_WARN_NON_LITERAL_NULL_CONVERSION = YES;
				CLANG_WARN_OBJC_IMPLICIT_RETAIN_SELF = YES;
				CLANG_WARN_OBJC_LITERAL_CONVERSION = YES;
				CLANG_WARN_OBJC_ROOT_CLASS = YES_ERROR;
				CLANG_WARN_QUOTED_INCLUDE_IN_FRAMEWORK_HEADER = YES;
				CLANG_WARN_RANGE_LOOP_ANALYSIS = YES;
				CLANG_WARN_STRICT_PROTOTYPES = YES;
				CLANG_WARN_SUSPICIOUS_MOVE = YES;
				CLANG_WARN_UNGUARDED_AVAILABILITY = YES_AGGRESSIVE;
				CLANG_WARN_UNREACHABLE_CODE = YES;
				CLANG_WARN__DUPLICATE_METHOD_MATCH = YES;
				COPY_PHASE_STRIP = NO;
				DEBUG_INFORMATION_FORMAT = "dwarf-with-dsym";
				ENABLE_NS_ASSERTIONS = NO;
				ENABLE_STRICT_OBJC_MSGSEND = YES;
				GCC_C_LANGUAGE_STANDARD = gnu11;
				GCC_NO_COMMON_BLOCKS = YES;
				GCC_WARN_64_TO_32_BIT_CONVERSION = YES;
				GCC_WARN_ABOUT_RETURN_TYPE = YES_ERROR;
				GCC_WARN_UNDECLARED_SELECTOR = YES;
				GCC_WARN_UNINITIALIZED_AUTOS = YES_AGGRESSIVE;
				GCC_WARN_UNUSED_FUNCTION = YES;
				GCC_WARN_UNUSED_VARIABLE = YES;
				IPHONEOS_DEPLOYMENT_TARGET = 15.0;
				MTL_ENABLE_DEBUG_INFO = NO;
				MTL_FAST_MATH = YES;
				SDKROOT = iphoneos;
				SWIFT_COMPILATION_MODE = wholemodule;
				SWIFT_OPTIMIZATION_LEVEL = "-O";
				VALIDATE_PRODUCT = YES;
			};
			name = Release;
		};
		566D5D1C277CE64000F2F042 /* Debug */ = {
			isa = XCBuildConfiguration;
			buildSettings = {
				ASSETCATALOG_COMPILER_APPICON_NAME = AppIcon;
				ASSETCATALOG_COMPILER_GLOBAL_ACCENT_COLOR_NAME = AccentColor;
				CODE_SIGN_STYLE = Automatic;
				CURRENT_PROJECT_VERSION = 1;
				GENERATE_INFOPLIST_FILE = YES;
				INFOPLIST_FILE = "not-bored/Info.plist";
				INFOPLIST_KEY_NSMainNibFile = HomeScreenViewController;
				INFOPLIST_KEY_UIApplicationSupportsIndirectInputEvents = YES;
				INFOPLIST_KEY_UILaunchStoryboardName = LaunchScreen;
				INFOPLIST_KEY_UISupportedInterfaceOrientations_iPad = "UIInterfaceOrientationPortrait UIInterfaceOrientationPortraitUpsideDown UIInterfaceOrientationLandscapeLeft UIInterfaceOrientationLandscapeRight";
				INFOPLIST_KEY_UISupportedInterfaceOrientations_iPhone = "UIInterfaceOrientationPortrait UIInterfaceOrientationLandscapeLeft UIInterfaceOrientationLandscapeRight";
				LD_RUNPATH_SEARCH_PATHS = (
					"$(inherited)",
					"@executable_path/Frameworks",
				);
				MARKETING_VERSION = 1.0;
				PRODUCT_BUNDLE_IDENTIFIER = "meli.not-bored";
				PRODUCT_NAME = "$(TARGET_NAME)";
				SWIFT_EMIT_LOC_STRINGS = YES;
				SWIFT_VERSION = 5.0;
				TARGETED_DEVICE_FAMILY = "1,2";
			};
			name = Debug;
		};
		566D5D1D277CE64000F2F042 /* Release */ = {
			isa = XCBuildConfiguration;
			buildSettings = {
				ASSETCATALOG_COMPILER_APPICON_NAME = AppIcon;
				ASSETCATALOG_COMPILER_GLOBAL_ACCENT_COLOR_NAME = AccentColor;
				CODE_SIGN_STYLE = Automatic;
				CURRENT_PROJECT_VERSION = 1;
				GENERATE_INFOPLIST_FILE = YES;
				INFOPLIST_FILE = "not-bored/Info.plist";
				INFOPLIST_KEY_NSMainNibFile = HomeScreenViewController;
				INFOPLIST_KEY_UIApplicationSupportsIndirectInputEvents = YES;
				INFOPLIST_KEY_UILaunchStoryboardName = LaunchScreen;
				INFOPLIST_KEY_UISupportedInterfaceOrientations_iPad = "UIInterfaceOrientationPortrait UIInterfaceOrientationPortraitUpsideDown UIInterfaceOrientationLandscapeLeft UIInterfaceOrientationLandscapeRight";
				INFOPLIST_KEY_UISupportedInterfaceOrientations_iPhone = "UIInterfaceOrientationPortrait UIInterfaceOrientationLandscapeLeft UIInterfaceOrientationLandscapeRight";
				LD_RUNPATH_SEARCH_PATHS = (
					"$(inherited)",
					"@executable_path/Frameworks",
				);
				MARKETING_VERSION = 1.0;
				PRODUCT_BUNDLE_IDENTIFIER = "meli.not-bored";
				PRODUCT_NAME = "$(TARGET_NAME)";
				SWIFT_EMIT_LOC_STRINGS = YES;
				SWIFT_VERSION = 5.0;
				TARGETED_DEVICE_FAMILY = "1,2";
			};
			name = Release;
		};
/* End XCBuildConfiguration section */

/* Begin XCConfigurationList section */
		566D5D02277CE63D00F2F042 /* Build configuration list for PBXProject "not-bored" */ = {
			isa = XCConfigurationList;
			buildConfigurations = (
				566D5D19277CE64000F2F042 /* Debug */,
				566D5D1A277CE64000F2F042 /* Release */,
			);
			defaultConfigurationIsVisible = 0;
			defaultConfigurationName = Release;
		};
		566D5D1B277CE64000F2F042 /* Build configuration list for PBXNativeTarget "not-bored" */ = {
			isa = XCConfigurationList;
			buildConfigurations = (
				566D5D1C277CE64000F2F042 /* Debug */,
				566D5D1D277CE64000F2F042 /* Release */,
			);
			defaultConfigurationIsVisible = 0;
			defaultConfigurationName = Release;
		};
/* End XCConfigurationList section */

/* Begin XCRemoteSwiftPackageReference section */
		5600444227833CAD008A81EA /* XCRemoteSwiftPackageReference "Alamofire" */ = {
			isa = XCRemoteSwiftPackageReference;
			repositoryURL = "https://github.com/Alamofire/Alamofire.git";
			requirement = {
				kind = upToNextMajorVersion;
				minimumVersion = 5.0.0;
			};
		};
		93B8A33527838B9700736734 /* XCRemoteSwiftPackageReference "IQKeyboardManager" */ = {
			isa = XCRemoteSwiftPackageReference;
			repositoryURL = "https://github.com/hackiftekhar/IQKeyboardManager.git";
			requirement = {
				branch = master;
				kind = branch;
			};
		};
/* End XCRemoteSwiftPackageReference section */

/* Begin XCSwiftPackageProductDependency section */
		5600444327833CAD008A81EA /* Alamofire */ = {
			isa = XCSwiftPackageProductDependency;
			package = 5600444227833CAD008A81EA /* XCRemoteSwiftPackageReference "Alamofire" */;
			productName = Alamofire;
		};
		93B8A33627838B9700736734 /* IQKeyboardManagerSwift */ = {
			isa = XCSwiftPackageProductDependency;
			package = 93B8A33527838B9700736734 /* XCRemoteSwiftPackageReference "IQKeyboardManager" */;
			productName = IQKeyboardManagerSwift;
		};
/* End XCSwiftPackageProductDependency section */
	};
	rootObject = 566D5CFF277CE63D00F2F042 /* Project object */;
}
